
Microsoft Visual Studio Solution File, Format Version 12.00
# Visual Studio Version 16
VisualStudioVersion = 16.0.30002.166
MinimumVisualStudioVersion = 10.0.40219.1
Project("{FAE04EC0-301F-11D3-BF4B-00C04F79EFBC}") = "BreakTime", "BreakTime\BreakTime.csproj", "{8439053A-F77E-47EB-B936-6046150D4CEC}"
EndProject
Project("{9A19103F-16F7-4668-BE54-9A1E7A4F7556}") = "DotNetCommons", "..\DotNetCommons\src\DotNetCommons\DotNetCommons.csproj", "{69457C1F-6E21-4C2E-A3D4-CC9F6AC321D6}"
EndProject
Project("{9A19103F-16F7-4668-BE54-9A1E7A4F7556}") = "DotNetCommons.WinForms", "..\DotNetCommons\src\DotNetCommons.WinForms\DotNetCommons.WinForms.csproj", "{4C511417-DF39-4509-ACC5-79D4A2D49578}"
EndProject
Project("{FAE04EC0-301F-11D3-BF4B-00C04F79EFBC}") = "TestApp", "TestApp\TestApp.csproj", "{36CD3E9F-C6E1-43F8-A7BB-FD97EBEF863D}"
EndProject
Global
	GlobalSection(SolutionConfigurationPlatforms) = preSolution
		Debug|Any CPU = Debug|Any CPU
		Release|Any CPU = Release|Any CPU
	EndGlobalSection
	GlobalSection(ProjectConfigurationPlatforms) = postSolution
		{8439053A-F77E-47EB-B936-6046150D4CEC}.Debug|Any CPU.ActiveCfg = Debug|Any CPU
		{8439053A-F77E-47EB-B936-6046150D4CEC}.Debug|Any CPU.Build.0 = Debug|Any CPU
		{8439053A-F77E-47EB-B936-6046150D4CEC}.Release|Any CPU.ActiveCfg = Release|Any CPU
		{8439053A-F77E-47EB-B936-6046150D4CEC}.Release|Any CPU.Build.0 = Release|Any CPU
		{69457C1F-6E21-4C2E-A3D4-CC9F6AC321D6}.Debug|Any CPU.ActiveCfg = Debug|Any CPU
		{69457C1F-6E21-4C2E-A3D4-CC9F6AC321D6}.Debug|Any CPU.Build.0 = Debug|Any CPU
		{69457C1F-6E21-4C2E-A3D4-CC9F6AC321D6}.Release|Any CPU.ActiveCfg = Release|Any CPU
		{69457C1F-6E21-4C2E-A3D4-CC9F6AC321D6}.Release|Any CPU.Build.0 = Release|Any CPU
		{4C511417-DF39-4509-ACC5-79D4A2D49578}.Debug|Any CPU.ActiveCfg = Debug|Any CPU
		{4C511417-DF39-4509-ACC5-79D4A2D49578}.Debug|Any CPU.Build.0 = Debug|Any CPU
		{4C511417-DF39-4509-ACC5-79D4A2D49578}.Release|Any CPU.ActiveCfg = Release|Any CPU
		{4C511417-DF39-4509-ACC5-79D4A2D49578}.Release|Any CPU.Build.0 = Release|Any CPU
		{36CD3E9F-C6E1-43F8-A7BB-FD97EBEF863D}.Debug|Any CPU.ActiveCfg = Debug|Any CPU
		{36CD3E9F-C6E1-43F8-A7BB-FD97EBEF863D}.Debug|Any CPU.Build.0 = Debug|Any CPU
		{36CD3E9F-C6E1-43F8-A7BB-FD97EBEF863D}.Release|Any CPU.ActiveCfg = Release|Any CPU
		{36CD3E9F-C6E1-43F8-A7BB-FD97EBEF863D}.Release|Any CPU.Build.0 = Release|Any CPU
	EndGlobalSection
	GlobalSection(SolutionProperties) = preSolution
		HideSolutionNode = FALSE
	EndGlobalSection
	GlobalSection(ExtensibilityGlobals) = postSolution
		SolutionGuid = {21ABC540-A017-4799-B7E6-19330733B097}
	EndGlobalSection
EndGlobal
