
Microsoft Visual Studio Solution File, Format Version 12.00
# Visual Studio 14
VisualStudioVersion = 14.0.25420.1
MinimumVisualStudioVersion = 10.0.40219.1
Project("{FAE04EC0-301F-11D3-BF4B-00C04F79EFBC}") = "BreakTime", "BreakTime\BreakTime.csproj", "{8439053A-F77E-47EB-B936-6046150D4CEC}"
EndProject
Project("{FAE04EC0-301F-11D3-BF4B-00C04F79EFBC}") = "DotNetCommons", "..\DotNetCommons\DotNetCommons\DotNetCommons.csproj", "{A86D8B8B-D601-4EB9-AA0A-E03372ACC104}"
EndProject
Project("{FAE04EC0-301F-11D3-BF4B-00C04F79EFBC}") = "DotNetCommons.WinForms", "..\DotNetCommons\DotNetCommons.WinForms\DotNetCommons.WinForms.csproj", "{716AE81D-1017-462D-A5CD-5C57A68D0C0C}"
EndProject
Global
	GlobalSection(SolutionConfigurationPlatforms) = preSolution
		Debug|Any CPU = Debug|Any CPU
		Release|Any CPU = Release|Any CPU
	EndGlobalSection
	GlobalSection(ProjectConfigurationPlatforms) = postSolution
		{8439053A-F77E-47EB-B936-6046150D4CEC}.Debug|Any CPU.ActiveCfg = Debug|Any CPU
		{8439053A-F77E-47EB-B936-6046150D4CEC}.Debug|Any CPU.Build.0 = Debug|Any CPU
		{8439053A-F77E-47EB-B936-6046150D4CEC}.Release|Any CPU.ActiveCfg = Release|Any CPU
		{8439053A-F77E-47EB-B936-6046150D4CEC}.Release|Any CPU.Build.0 = Release|Any CPU
		{A86D8B8B-D601-4EB9-AA0A-E03372ACC104}.Debug|Any CPU.ActiveCfg = Debug|Any CPU
		{A86D8B8B-D601-4EB9-AA0A-E03372ACC104}.Debug|Any CPU.Build.0 = Debug|Any CPU
		{A86D8B8B-D601-4EB9-AA0A-E03372ACC104}.Release|Any CPU.ActiveCfg = Release|Any CPU
		{A86D8B8B-D601-4EB9-AA0A-E03372ACC104}.Release|Any CPU.Build.0 = Release|Any CPU
		{716AE81D-1017-462D-A5CD-5C57A68D0C0C}.Debug|Any CPU.ActiveCfg = Debug|Any CPU
		{716AE81D-1017-462D-A5CD-5C57A68D0C0C}.Debug|Any CPU.Build.0 = Debug|Any CPU
		{716AE81D-1017-462D-A5CD-5C57A68D0C0C}.Release|Any CPU.ActiveCfg = Release|Any CPU
		{716AE81D-1017-462D-A5CD-5C57A68D0C0C}.Release|Any CPU.Build.0 = Release|Any CPU
	EndGlobalSection
	GlobalSection(SolutionProperties) = preSolution
		HideSolutionNode = FALSE
	EndGlobalSection
EndGlobal
